
Microsoft Visual Studio Solution File, Format Version 12.00
# Visual Studio 15
VisualStudioVersion = 15.0.28010.2046
MinimumVisualStudioVersion = 10.0.40219.1
Project("{FAE04EC0-301F-11D3-BF4B-00C04F79EFBC}") = "MCS_GUI", "MCS_GUI\MCS_GUI.csproj", "{C29FC851-D115-4687-9664-2F4ABDC1A2A1}"
EndProject
Global
	GlobalSection(SolutionConfigurationPlatforms) = preSolution
		Debug|Any CPU = Debug|Any CPU
		Release|Any CPU = Release|Any CPU
	EndGlobalSection
	GlobalSection(ProjectConfigurationPlatforms) = postSolution
		{C29FC851-D115-4687-9664-2F4ABDC1A2A1}.Debug|Any CPU.ActiveCfg = Debug|Any CPU
		{C29FC851-D115-4687-9664-2F4ABDC1A2A1}.Debug|Any CPU.Build.0 = Debug|Any CPU
		{C29FC851-D115-4687-9664-2F4ABDC1A2A1}.Release|Any CPU.ActiveCfg = Release|Any CPU
		{C29FC851-D115-4687-9664-2F4ABDC1A2A1}.Release|Any CPU.Build.0 = Release|Any CPU
	EndGlobalSection
	GlobalSection(SolutionProperties) = preSolution
		HideSolutionNode = FALSE
	EndGlobalSection
	GlobalSection(ExtensibilityGlobals) = postSolution
		SolutionGuid = {1219BEC0-3CDF-4779-9349-EDB40B3D3996}
	EndGlobalSection
EndGlobal
